
Microsoft Visual Studio Solution File, Format Version 12.00
# Visual Studio Version 16
VisualStudioVersion = 16.0.30114.105
MinimumVisualStudioVersion = 10.0.40219.1
Project("{2150E333-8FDC-42A3-9474-1A3956D46DE8}") = "src", "src", "{3E1F247B-2F23-4DC5-AFC3-EC75E4EE5161}"
EndProject
Project("{FAE04EC0-301F-11D3-BF4B-00C04F79EFBC}") = "Santi.Livros.App", "src\Santi.Livros.App\Santi.Livros.App.csproj", "{61F0F264-C852-48F6-8D1E-02FA1C49AC72}"
EndProject
Global
	GlobalSection(SolutionConfigurationPlatforms) = preSolution
		Debug|Any CPU = Debug|Any CPU
		Release|Any CPU = Release|Any CPU
	EndGlobalSection
	GlobalSection(ProjectConfigurationPlatforms) = postSolution
		{61F0F264-C852-48F6-8D1E-02FA1C49AC72}.Debug|Any CPU.ActiveCfg = Debug|Any CPU
		{61F0F264-C852-48F6-8D1E-02FA1C49AC72}.Debug|Any CPU.Build.0 = Debug|Any CPU
		{61F0F264-C852-48F6-8D1E-02FA1C49AC72}.Release|Any CPU.ActiveCfg = Release|Any CPU
		{61F0F264-C852-48F6-8D1E-02FA1C49AC72}.Release|Any CPU.Build.0 = Release|Any CPU
	EndGlobalSection
	GlobalSection(SolutionProperties) = preSolution
		HideSolutionNode = FALSE
	EndGlobalSection
	GlobalSection(NestedProjects) = preSolution
		{61F0F264-C852-48F6-8D1E-02FA1C49AC72} = {3E1F247B-2F23-4DC5-AFC3-EC75E4EE5161}
	EndGlobalSection
	GlobalSection(ExtensibilityGlobals) = postSolution
		SolutionGuid = {59E55915-48EE-44DF-A16D-F2DED4F583C9}
	EndGlobalSection
EndGlobal
